// !$*UTF8*$!
{
	archiveVersion = 1;
	classes = {
	};
	objectVersion = 46;
	objects = {

/* Begin PBXBuildFile section */
		72E4D96C370858A3A7FA047A /* Pods_simpleweatherTests.framework in Frameworks */ = {isa = PBXBuildFile; fileRef = 922E62E1FB822CD1B2E0AAC9 /* Pods_simpleweatherTests.framework */; };
		892EF3472068778CD62094AE /* Pods_simpleweather.framework in Frameworks */ = {isa = PBXBuildFile; fileRef = 814233A182452E1DB67F2197 /* Pods_simpleweather.framework */; };
		8B9AA16A3C18C3EBBC53C085 /* Pods_simpleweatherUITests.framework in Frameworks */ = {isa = PBXBuildFile; fileRef = 66BD5D8AFD2352E3999FF3AB /* Pods_simpleweatherUITests.framework */; };
		DFD8EF411E639AEB0094A5AD /* TableViewCell.swift in Sources */ = {isa = PBXBuildFile; fileRef = DFD8EF401E639AEB0094A5AD /* TableViewCell.swift */; };
		DFF969EC1E6389230046EEF5 /* TableViewController.swift in Sources */ = {isa = PBXBuildFile; fileRef = DFF969EB1E6389230046EEF5 /* TableViewController.swift */; };
		DFFF26C01E629D5A00A5B2F1 /* AppDelegate.swift in Sources */ = {isa = PBXBuildFile; fileRef = DFFF26BF1E629D5A00A5B2F1 /* AppDelegate.swift */; };
		DFFF26C51E629D5A00A5B2F1 /* Main.storyboard in Resources */ = {isa = PBXBuildFile; fileRef = DFFF26C31E629D5A00A5B2F1 /* Main.storyboard */; };
		DFFF26C81E629D5A00A5B2F1 /* simpleweather.xcdatamodeld in Sources */ = {isa = PBXBuildFile; fileRef = DFFF26C61E629D5A00A5B2F1 /* simpleweather.xcdatamodeld */; };
		DFFF26CA1E629D5A00A5B2F1 /* Assets.xcassets in Resources */ = {isa = PBXBuildFile; fileRef = DFFF26C91E629D5A00A5B2F1 /* Assets.xcassets */; };
		DFFF26CD1E629D5A00A5B2F1 /* LaunchScreen.storyboard in Resources */ = {isa = PBXBuildFile; fileRef = DFFF26CB1E629D5A00A5B2F1 /* LaunchScreen.storyboard */; };
		DFFF26D81E629D5B00A5B2F1 /* simpleweatherTests.swift in Sources */ = {isa = PBXBuildFile; fileRef = DFFF26D71E629D5B00A5B2F1 /* simpleweatherTests.swift */; };
		DFFF26E31E629D5B00A5B2F1 /* simpleweatherUITests.swift in Sources */ = {isa = PBXBuildFile; fileRef = DFFF26E21E629D5B00A5B2F1 /* simpleweatherUITests.swift */; };
/* End PBXBuildFile section */

/* Begin PBXContainerItemProxy section */
		DFFF26D41E629D5B00A5B2F1 /* PBXContainerItemProxy */ = {
			isa = PBXContainerItemProxy;
			containerPortal = DFFF26B41E629D5A00A5B2F1 /* Project object */;
			proxyType = 1;
			remoteGlobalIDString = DFFF26BB1E629D5A00A5B2F1;
			remoteInfo = simpleweather;
		};
		DFFF26DF1E629D5B00A5B2F1 /* PBXContainerItemProxy */ = {
			isa = PBXContainerItemProxy;
			containerPortal = DFFF26B41E629D5A00A5B2F1 /* Project object */;
			proxyType = 1;
			remoteGlobalIDString = DFFF26BB1E629D5A00A5B2F1;
			remoteInfo = simpleweather;
		};
/* End PBXContainerItemProxy section */

/* Begin PBXFileReference section */
		02FA47FAB623B577E1C7A3D8 /* Pods-simpleweatherTests.release.xcconfig */ = {isa = PBXFileReference; includeInIndex = 1; lastKnownFileType = text.xcconfig; name = "Pods-simpleweatherTests.release.xcconfig"; path = "Pods/Target Support Files/Pods-simpleweatherTests/Pods-simpleweatherTests.release.xcconfig"; sourceTree = "<group>"; };
		2C522DC6C881B8121EF03033 /* Pods-simpleweatherTests.debug.xcconfig */ = {isa = PBXFileReference; includeInIndex = 1; lastKnownFileType = text.xcconfig; name = "Pods-simpleweatherTests.debug.xcconfig"; path = "Pods/Target Support Files/Pods-simpleweatherTests/Pods-simpleweatherTests.debug.xcconfig"; sourceTree = "<group>"; };
		4008884B26ECB1FF6A1F092D /* Pods-simpleweather.debug.xcconfig */ = {isa = PBXFileReference; includeInIndex = 1; lastKnownFileType = text.xcconfig; name = "Pods-simpleweather.debug.xcconfig"; path = "Pods/Target Support Files/Pods-simpleweather/Pods-simpleweather.debug.xcconfig"; sourceTree = "<group>"; };
		60B9D10B40EC4CE0CDDF6F38 /* Pods-simpleweatherUITests.debug.xcconfig */ = {isa = PBXFileReference; includeInIndex = 1; lastKnownFileType = text.xcconfig; name = "Pods-simpleweatherUITests.debug.xcconfig"; path = "Pods/Target Support Files/Pods-simpleweatherUITests/Pods-simpleweatherUITests.debug.xcconfig"; sourceTree = "<group>"; };
		66BD5D8AFD2352E3999FF3AB /* Pods_simpleweatherUITests.framework */ = {isa = PBXFileReference; explicitFileType = wrapper.framework; includeInIndex = 0; path = Pods_simpleweatherUITests.framework; sourceTree = BUILT_PRODUCTS_DIR; };
		772D7A45D8E10703498F7DE1 /* Pods-simpleweather.release.xcconfig */ = {isa = PBXFileReference; includeInIndex = 1; lastKnownFileType = text.xcconfig; name = "Pods-simpleweather.release.xcconfig"; path = "Pods/Target Support Files/Pods-simpleweather/Pods-simpleweather.release.xcconfig"; sourceTree = "<group>"; };
		814233A182452E1DB67F2197 /* Pods_simpleweather.framework */ = {isa = PBXFileReference; explicitFileType = wrapper.framework; includeInIndex = 0; path = Pods_simpleweather.framework; sourceTree = BUILT_PRODUCTS_DIR; };
		922E62E1FB822CD1B2E0AAC9 /* Pods_simpleweatherTests.framework */ = {isa = PBXFileReference; explicitFileType = wrapper.framework; includeInIndex = 0; path = Pods_simpleweatherTests.framework; sourceTree = BUILT_PRODUCTS_DIR; };
		A5FAA1013F97FB7193E605E7 /* Pods-simpleweatherUITests.release.xcconfig */ = {isa = PBXFileReference; includeInIndex = 1; lastKnownFileType = text.xcconfig; name = "Pods-simpleweatherUITests.release.xcconfig"; path = "Pods/Target Support Files/Pods-simpleweatherUITests/Pods-simpleweatherUITests.release.xcconfig"; sourceTree = "<group>"; };
		DFD8EF401E639AEB0094A5AD /* TableViewCell.swift */ = {isa = PBXFileReference; fileEncoding = 4; lastKnownFileType = sourcecode.swift; path = TableViewCell.swift; sourceTree = "<group>"; };
		DFF969EB1E6389230046EEF5 /* TableViewController.swift */ = {isa = PBXFileReference; fileEncoding = 4; lastKnownFileType = sourcecode.swift; path = TableViewController.swift; sourceTree = "<group>"; };
		DFFF26BC1E629D5A00A5B2F1 /* simpleweather.app */ = {isa = PBXFileReference; explicitFileType = wrapper.application; includeInIndex = 0; path = simpleweather.app; sourceTree = BUILT_PRODUCTS_DIR; };
		DFFF26BF1E629D5A00A5B2F1 /* AppDelegate.swift */ = {isa = PBXFileReference; lastKnownFileType = sourcecode.swift; path = AppDelegate.swift; sourceTree = "<group>"; };
		DFFF26C41E629D5A00A5B2F1 /* Base */ = {isa = PBXFileReference; lastKnownFileType = file.storyboard; name = Base; path = Base.lproj/Main.storyboard; sourceTree = "<group>"; };
		DFFF26C71E629D5A00A5B2F1 /* simpleweather.xcdatamodel */ = {isa = PBXFileReference; lastKnownFileType = wrapper.xcdatamodel; path = simpleweather.xcdatamodel; sourceTree = "<group>"; };
		DFFF26C91E629D5A00A5B2F1 /* Assets.xcassets */ = {isa = PBXFileReference; lastKnownFileType = folder.assetcatalog; path = Assets.xcassets; sourceTree = "<group>"; };
		DFFF26CC1E629D5A00A5B2F1 /* Base */ = {isa = PBXFileReference; lastKnownFileType = file.storyboard; name = Base; path = Base.lproj/LaunchScreen.storyboard; sourceTree = "<group>"; };
		DFFF26CE1E629D5A00A5B2F1 /* Info.plist */ = {isa = PBXFileReference; lastKnownFileType = text.plist.xml; path = Info.plist; sourceTree = "<group>"; };
		DFFF26D31E629D5B00A5B2F1 /* simpleweatherTests.xctest */ = {isa = PBXFileReference; explicitFileType = wrapper.cfbundle; includeInIndex = 0; path = simpleweatherTests.xctest; sourceTree = BUILT_PRODUCTS_DIR; };
		DFFF26D71E629D5B00A5B2F1 /* simpleweatherTests.swift */ = {isa = PBXFileReference; lastKnownFileType = sourcecode.swift; path = simpleweatherTests.swift; sourceTree = "<group>"; };
		DFFF26D91E629D5B00A5B2F1 /* Info.plist */ = {isa = PBXFileReference; lastKnownFileType = text.plist.xml; path = Info.plist; sourceTree = "<group>"; };
		DFFF26DE1E629D5B00A5B2F1 /* simpleweatherUITests.xctest */ = {isa = PBXFileReference; explicitFileType = wrapper.cfbundle; includeInIndex = 0; path = simpleweatherUITests.xctest; sourceTree = BUILT_PRODUCTS_DIR; };
		DFFF26E21E629D5B00A5B2F1 /* simpleweatherUITests.swift */ = {isa = PBXFileReference; lastKnownFileType = sourcecode.swift; path = simpleweatherUITests.swift; sourceTree = "<group>"; };
		DFFF26E41E629D5B00A5B2F1 /* Info.plist */ = {isa = PBXFileReference; lastKnownFileType = text.plist.xml; path = Info.plist; sourceTree = "<group>"; };
/* End PBXFileReference section */

/* Begin PBXFrameworksBuildPhase section */
		DFFF26B91E629D5A00A5B2F1 /* Frameworks */ = {
			isa = PBXFrameworksBuildPhase;
			buildActionMask = 2147483647;
			files = (
				892EF3472068778CD62094AE /* Pods_simpleweather.framework in Frameworks */,
			);
			runOnlyForDeploymentPostprocessing = 0;
		};
		DFFF26D01E629D5B00A5B2F1 /* Frameworks */ = {
			isa = PBXFrameworksBuildPhase;
			buildActionMask = 2147483647;
			files = (
				72E4D96C370858A3A7FA047A /* Pods_simpleweatherTests.framework in Frameworks */,
			);
			runOnlyForDeploymentPostprocessing = 0;
		};
		DFFF26DB1E629D5B00A5B2F1 /* Frameworks */ = {
			isa = PBXFrameworksBuildPhase;
			buildActionMask = 2147483647;
			files = (
				8B9AA16A3C18C3EBBC53C085 /* Pods_simpleweatherUITests.framework in Frameworks */,
			);
			runOnlyForDeploymentPostprocessing = 0;
		};
/* End PBXFrameworksBuildPhase section */

/* Begin PBXGroup section */
		10B18115BFBFA7F0784BC255 /* Pods */ = {
			isa = PBXGroup;
			children = (
				4008884B26ECB1FF6A1F092D /* Pods-simpleweather.debug.xcconfig */,
				772D7A45D8E10703498F7DE1 /* Pods-simpleweather.release.xcconfig */,
				2C522DC6C881B8121EF03033 /* Pods-simpleweatherTests.debug.xcconfig */,
				02FA47FAB623B577E1C7A3D8 /* Pods-simpleweatherTests.release.xcconfig */,
				60B9D10B40EC4CE0CDDF6F38 /* Pods-simpleweatherUITests.debug.xcconfig */,
				A5FAA1013F97FB7193E605E7 /* Pods-simpleweatherUITests.release.xcconfig */,
			);
			name = Pods;
			sourceTree = "<group>";
		};
		BDFB21F99FBD2E20D210B61D /* Frameworks */ = {
			isa = PBXGroup;
			children = (
				814233A182452E1DB67F2197 /* Pods_simpleweather.framework */,
				922E62E1FB822CD1B2E0AAC9 /* Pods_simpleweatherTests.framework */,
				66BD5D8AFD2352E3999FF3AB /* Pods_simpleweatherUITests.framework */,
			);
			name = Frameworks;
			sourceTree = "<group>";
		};
		DFFF26B31E629D5A00A5B2F1 = {
			isa = PBXGroup;
			children = (
				DFFF26BE1E629D5A00A5B2F1 /* simpleweather */,
				DFFF26D61E629D5B00A5B2F1 /* simpleweatherTests */,
				DFFF26E11E629D5B00A5B2F1 /* simpleweatherUITests */,
				DFFF26BD1E629D5A00A5B2F1 /* Products */,
				10B18115BFBFA7F0784BC255 /* Pods */,
				BDFB21F99FBD2E20D210B61D /* Frameworks */,
			);
			sourceTree = "<group>";
		};
		DFFF26BD1E629D5A00A5B2F1 /* Products */ = {
			isa = PBXGroup;
			children = (
				DFFF26BC1E629D5A00A5B2F1 /* simpleweather.app */,
				DFFF26D31E629D5B00A5B2F1 /* simpleweatherTests.xctest */,
				DFFF26DE1E629D5B00A5B2F1 /* simpleweatherUITests.xctest */,
			);
			name = Products;
			sourceTree = "<group>";
		};
		DFFF26BE1E629D5A00A5B2F1 /* simpleweather */ = {
			isa = PBXGroup;
			children = (
				DFD8EF401E639AEB0094A5AD /* TableViewCell.swift */,
				DFF969EB1E6389230046EEF5 /* TableViewController.swift */,
				DFFF26BF1E629D5A00A5B2F1 /* AppDelegate.swift */,
				DFFF26C31E629D5A00A5B2F1 /* Main.storyboard */,
				DFFF26C91E629D5A00A5B2F1 /* Assets.xcassets */,
				DFFF26CB1E629D5A00A5B2F1 /* LaunchScreen.storyboard */,
				DFFF26CE1E629D5A00A5B2F1 /* Info.plist */,
				DFFF26C61E629D5A00A5B2F1 /* simpleweather.xcdatamodeld */,
			);
			path = simpleweather;
			sourceTree = "<group>";
		};
		DFFF26D61E629D5B00A5B2F1 /* simpleweatherTests */ = {
			isa = PBXGroup;
			children = (
				DFFF26D71E629D5B00A5B2F1 /* simpleweatherTests.swift */,
				DFFF26D91E629D5B00A5B2F1 /* Info.plist */,
			);
			path = simpleweatherTests;
			sourceTree = "<group>";
		};
		DFFF26E11E629D5B00A5B2F1 /* simpleweatherUITests */ = {
			isa = PBXGroup;
			children = (
				DFFF26E21E629D5B00A5B2F1 /* simpleweatherUITests.swift */,
				DFFF26E41E629D5B00A5B2F1 /* Info.plist */,
			);
			path = simpleweatherUITests;
			sourceTree = "<group>";
		};
/* End PBXGroup section */

/* Begin PBXNativeTarget section */
		DFFF26BB1E629D5A00A5B2F1 /* simpleweather */ = {
			isa = PBXNativeTarget;
			buildConfigurationList = DFFF26E71E629D5B00A5B2F1 /* Build configuration list for PBXNativeTarget "simpleweather" */;
			buildPhases = (
				0B285BF3C0E7D7BD99A714A5 /* [CP] Check Pods Manifest.lock */,
				DFFF26B81E629D5A00A5B2F1 /* Sources */,
				DFFF26B91E629D5A00A5B2F1 /* Frameworks */,
				DFFF26BA1E629D5A00A5B2F1 /* Resources */,
				823B53EEA403D500A82F3B32 /* [CP] Embed Pods Frameworks */,
				39A66271138D731E1F8C1CB2 /* [CP] Copy Pods Resources */,
			);
			buildRules = (
			);
			dependencies = (
			);
			name = simpleweather;
			productName = simpleweather;
			productReference = DFFF26BC1E629D5A00A5B2F1 /* simpleweather.app */;
			productType = "com.apple.product-type.application";
		};
		DFFF26D21E629D5B00A5B2F1 /* simpleweatherTests */ = {
			isa = PBXNativeTarget;
			buildConfigurationList = DFFF26EA1E629D5B00A5B2F1 /* Build configuration list for PBXNativeTarget "simpleweatherTests" */;
			buildPhases = (
				EC09F0916CE36CCF373E06B7 /* [CP] Check Pods Manifest.lock */,
				DFFF26CF1E629D5B00A5B2F1 /* Sources */,
				DFFF26D01E629D5B00A5B2F1 /* Frameworks */,
				DFFF26D11E629D5B00A5B2F1 /* Resources */,
				674248B623173EE0E9FE982A /* [CP] Embed Pods Frameworks */,
				8C31292AA43DD849EE4F37D6 /* [CP] Copy Pods Resources */,
			);
			buildRules = (
			);
			dependencies = (
				DFFF26D51E629D5B00A5B2F1 /* PBXTargetDependency */,
			);
			name = simpleweatherTests;
			productName = simpleweatherTests;
			productReference = DFFF26D31E629D5B00A5B2F1 /* simpleweatherTests.xctest */;
			productType = "com.apple.product-type.bundle.unit-test";
		};
		DFFF26DD1E629D5B00A5B2F1 /* simpleweatherUITests */ = {
			isa = PBXNativeTarget;
			buildConfigurationList = DFFF26ED1E629D5B00A5B2F1 /* Build configuration list for PBXNativeTarget "simpleweatherUITests" */;
			buildPhases = (
				79556C5BBC763677CE7E9BF6 /* [CP] Check Pods Manifest.lock */,
				DFFF26DA1E629D5B00A5B2F1 /* Sources */,
				DFFF26DB1E629D5B00A5B2F1 /* Frameworks */,
				DFFF26DC1E629D5B00A5B2F1 /* Resources */,
				837FF1CD529CC29AC7FD41BE /* [CP] Embed Pods Frameworks */,
				5119DFED9AF250C48E35320A /* [CP] Copy Pods Resources */,
			);
			buildRules = (
			);
			dependencies = (
				DFFF26E01E629D5B00A5B2F1 /* PBXTargetDependency */,
			);
			name = simpleweatherUITests;
			productName = simpleweatherUITests;
			productReference = DFFF26DE1E629D5B00A5B2F1 /* simpleweatherUITests.xctest */;
			productType = "com.apple.product-type.bundle.ui-testing";
		};
/* End PBXNativeTarget section */

/* Begin PBXProject section */
		DFFF26B41E629D5A00A5B2F1 /* Project object */ = {
			isa = PBXProject;
			attributes = {
				LastSwiftUpdateCheck = 0820;
				LastUpgradeCheck = 0820;
				ORGANIZATIONNAME = "Lloyd Rochester";
				TargetAttributes = {
					DFFF26BB1E629D5A00A5B2F1 = {
						CreatedOnToolsVersion = 8.2.1;
						DevelopmentTeam = E4JKFLKLE3;
						ProvisioningStyle = Automatic;
					};
					DFFF26D21E629D5B00A5B2F1 = {
						CreatedOnToolsVersion = 8.2.1;
						DevelopmentTeam = E4JKFLKLE3;
						ProvisioningStyle = Automatic;
						TestTargetID = DFFF26BB1E629D5A00A5B2F1;
					};
					DFFF26DD1E629D5B00A5B2F1 = {
						CreatedOnToolsVersion = 8.2.1;
						DevelopmentTeam = E4JKFLKLE3;
						ProvisioningStyle = Automatic;
						TestTargetID = DFFF26BB1E629D5A00A5B2F1;
					};
				};
			};
			buildConfigurationList = DFFF26B71E629D5A00A5B2F1 /* Build configuration list for PBXProject "simpleweather" */;
			compatibilityVersion = "Xcode 3.2";
			developmentRegion = English;
			hasScannedForEncodings = 0;
			knownRegions = (
				en,
				Base,
			);
			mainGroup = DFFF26B31E629D5A00A5B2F1;
			productRefGroup = DFFF26BD1E629D5A00A5B2F1 /* Products */;
			projectDirPath = "";
			projectRoot = "";
			targets = (
				DFFF26BB1E629D5A00A5B2F1 /* simpleweather */,
				DFFF26D21E629D5B00A5B2F1 /* simpleweatherTests */,
				DFFF26DD1E629D5B00A5B2F1 /* simpleweatherUITests */,
			);
		};
/* End PBXProject section */

/* Begin PBXResourcesBuildPhase section */
		DFFF26BA1E629D5A00A5B2F1 /* Resources */ = {
			isa = PBXResourcesBuildPhase;
			buildActionMask = 2147483647;
			files = (
				DFFF26CD1E629D5A00A5B2F1 /* LaunchScreen.storyboard in Resources */,
				DFFF26CA1E629D5A00A5B2F1 /* Assets.xcassets in Resources */,
				DFFF26C51E629D5A00A5B2F1 /* Main.storyboard in Resources */,
			);
			runOnlyForDeploymentPostprocessing = 0;
		};
		DFFF26D11E629D5B00A5B2F1 /* Resources */ = {
			isa = PBXResourcesBuildPhase;
			buildActionMask = 2147483647;
			files = (
			);
			runOnlyForDeploymentPostprocessing = 0;
		};
		DFFF26DC1E629D5B00A5B2F1 /* Resources */ = {
			isa = PBXResourcesBuildPhase;
			buildActionMask = 2147483647;
			files = (
			);
			runOnlyForDeploymentPostprocessing = 0;
		};
/* End PBXResourcesBuildPhase section */

/* Begin PBXShellScriptBuildPhase section */
		0B285BF3C0E7D7BD99A714A5 /* [CP] Check Pods Manifest.lock */ = {
			isa = PBXShellScriptBuildPhase;
			buildActionMask = 2147483647;
			files = (
			);
			inputPaths = (
			);
			name = "[CP] Check Pods Manifest.lock";
			outputPaths = (
			);
			runOnlyForDeploymentPostprocessing = 0;
			shellPath = /bin/sh;
			shellScript = "diff \"${PODS_ROOT}/../Podfile.lock\" \"${PODS_ROOT}/Manifest.lock\" > /dev/null\nif [ $? != 0 ] ; then\n    # print error to STDERR\n    echo \"error: The sandbox is not in sync with the Podfile.lock. Run 'pod install' or update your CocoaPods installation.\" >&2\n    exit 1\nfi\n";
			showEnvVarsInLog = 0;
		};
		39A66271138D731E1F8C1CB2 /* [CP] Copy Pods Resources */ = {
			isa = PBXShellScriptBuildPhase;
			buildActionMask = 2147483647;
			files = (
			);
			inputPaths = (
			);
			name = "[CP] Copy Pods Resources";
			outputPaths = (
			);
			runOnlyForDeploymentPostprocessing = 0;
			shellPath = /bin/sh;
			shellScript = "\"${SRCROOT}/Pods/Target Support Files/Pods-simpleweather/Pods-simpleweather-resources.sh\"\n";
			showEnvVarsInLog = 0;
		};
		5119DFED9AF250C48E35320A /* [CP] Copy Pods Resources */ = {
			isa = PBXShellScriptBuildPhase;
			buildActionMask = 2147483647;
			files = (
			);
			inputPaths = (
			);
			name = "[CP] Copy Pods Resources";
			outputPaths = (
			);
			runOnlyForDeploymentPostprocessing = 0;
			shellPath = /bin/sh;
			shellScript = "\"${SRCROOT}/Pods/Target Support Files/Pods-simpleweatherUITests/Pods-simpleweatherUITests-resources.sh\"\n";
			showEnvVarsInLog = 0;
		};
		674248B623173EE0E9FE982A /* [CP] Embed Pods Frameworks */ = {
			isa = PBXShellScriptBuildPhase;
			buildActionMask = 2147483647;
			files = (
			);
			inputPaths = (
			);
			name = "[CP] Embed Pods Frameworks";
			outputPaths = (
			);
			runOnlyForDeploymentPostprocessing = 0;
			shellPath = /bin/sh;
			shellScript = "\"${SRCROOT}/Pods/Target Support Files/Pods-simpleweatherTests/Pods-simpleweatherTests-frameworks.sh\"\n";
			showEnvVarsInLog = 0;
		};
		79556C5BBC763677CE7E9BF6 /* [CP] Check Pods Manifest.lock */ = {
			isa = PBXShellScriptBuildPhase;
			buildActionMask = 2147483647;
			files = (
			);
			inputPaths = (
			);
			name = "[CP] Check Pods Manifest.lock";
			outputPaths = (
			);
			runOnlyForDeploymentPostprocessing = 0;
			shellPath = /bin/sh;
			shellScript = "diff \"${PODS_ROOT}/../Podfile.lock\" \"${PODS_ROOT}/Manifest.lock\" > /dev/null\nif [ $? != 0 ] ; then\n    # print error to STDERR\n    echo \"error: The sandbox is not in sync with the Podfile.lock. Run 'pod install' or update your CocoaPods installation.\" >&2\n    exit 1\nfi\n";
			showEnvVarsInLog = 0;
		};
		823B53EEA403D500A82F3B32 /* [CP] Embed Pods Frameworks */ = {
			isa = PBXShellScriptBuildPhase;
			buildActionMask = 2147483647;
			files = (
			);
			inputPaths = (
			);
			name = "[CP] Embed Pods Frameworks";
			outputPaths = (
			);
			runOnlyForDeploymentPostprocessing = 0;
			shellPath = /bin/sh;
			shellScript = "\"${SRCROOT}/Pods/Target Support Files/Pods-simpleweather/Pods-simpleweather-frameworks.sh\"\n";
			showEnvVarsInLog = 0;
		};
		837FF1CD529CC29AC7FD41BE /* [CP] Embed Pods Frameworks */ = {
			isa = PBXShellScriptBuildPhase;
			buildActionMask = 2147483647;
			files = (
			);
			inputPaths = (
			);
			name = "[CP] Embed Pods Frameworks";
			outputPaths = (
			);
			runOnlyForDeploymentPostprocessing = 0;
			shellPath = /bin/sh;
			shellScript = "\"${SRCROOT}/Pods/Target Support Files/Pods-simpleweatherUITests/Pods-simpleweatherUITests-frameworks.sh\"\n";
			showEnvVarsInLog = 0;
		};
		8C31292AA43DD849EE4F37D6 /* [CP] Copy Pods Resources */ = {
			isa = PBXShellScriptBuildPhase;
			buildActionMask = 2147483647;
			files = (
			);
			inputPaths = (
			);
			name = "[CP] Copy Pods Resources";
			outputPaths = (
			);
			runOnlyForDeploymentPostprocessing = 0;
			shellPath = /bin/sh;
			shellScript = "\"${SRCROOT}/Pods/Target Support Files/Pods-simpleweatherTests/Pods-simpleweatherTests-resources.sh\"\n";
			showEnvVarsInLog = 0;
		};
		EC09F0916CE36CCF373E06B7 /* [CP] Check Pods Manifest.lock */ = {
			isa = PBXShellScriptBuildPhase;
			buildActionMask = 2147483647;
			files = (
			);
			inputPaths = (
			);
			name = "[CP] Check Pods Manifest.lock";
			outputPaths = (
			);
			runOnlyForDeploymentPostprocessing = 0;
			shellPath = /bin/sh;
			shellScript = "diff \"${PODS_ROOT}/../Podfile.lock\" \"${PODS_ROOT}/Manifest.lock\" > /dev/null\nif [ $? != 0 ] ; then\n    # print error to STDERR\n    echo \"error: The sandbox is not in sync with the Podfile.lock. Run 'pod install' or update your CocoaPods installation.\" >&2\n    exit 1\nfi\n";
			showEnvVarsInLog = 0;
		};
/* End PBXShellScriptBuildPhase section */

/* Begin PBXSourcesBuildPhase section */
		DFFF26B81E629D5A00A5B2F1 /* Sources */ = {
			isa = PBXSourcesBuildPhase;
			buildActionMask = 2147483647;
			files = (
				DFFF26C81E629D5A00A5B2F1 /* simpleweather.xcdatamodeld in Sources */,
				DFD8EF411E639AEB0094A5AD /* TableViewCell.swift in Sources */,
				DFFF26C01E629D5A00A5B2F1 /* AppDelegate.swift in Sources */,
				DFF969EC1E6389230046EEF5 /* TableViewController.swift in Sources */,
			);
			runOnlyForDeploymentPostprocessing = 0;
		};
		DFFF26CF1E629D5B00A5B2F1 /* Sources */ = {
			isa = PBXSourcesBuildPhase;
			buildActionMask = 2147483647;
			files = (
				DFFF26D81E629D5B00A5B2F1 /* simpleweatherTests.swift in Sources */,
			);
			runOnlyForDeploymentPostprocessing = 0;
		};
		DFFF26DA1E629D5B00A5B2F1 /* Sources */ = {
			isa = PBXSourcesBuildPhase;
			buildActionMask = 2147483647;
			files = (
				DFFF26E31E629D5B00A5B2F1 /* simpleweatherUITests.swift in Sources */,
			);
			runOnlyForDeploymentPostprocessing = 0;
		};
/* End PBXSourcesBuildPhase section */

/* Begin PBXTargetDependency section */
		DFFF26D51E629D5B00A5B2F1 /* PBXTargetDependency */ = {
			isa = PBXTargetDependency;
			target = DFFF26BB1E629D5A00A5B2F1 /* simpleweather */;
			targetProxy = DFFF26D41E629D5B00A5B2F1 /* PBXContainerItemProxy */;
		};
		DFFF26E01E629D5B00A5B2F1 /* PBXTargetDependency */ = {
			isa = PBXTargetDependency;
			target = DFFF26BB1E629D5A00A5B2F1 /* simpleweather */;
			targetProxy = DFFF26DF1E629D5B00A5B2F1 /* PBXContainerItemProxy */;
		};
/* End PBXTargetDependency section */

/* Begin PBXVariantGroup section */
		DFFF26C31E629D5A00A5B2F1 /* Main.storyboard */ = {
			isa = PBXVariantGroup;
			children = (
				DFFF26C41E629D5A00A5B2F1 /* Base */,
			);
			name = Main.storyboard;
			sourceTree = "<group>";
		};
		DFFF26CB1E629D5A00A5B2F1 /* LaunchScreen.storyboard */ = {
			isa = PBXVariantGroup;
			children = (
				DFFF26CC1E629D5A00A5B2F1 /* Base */,
			);
			name = LaunchScreen.storyboard;
			sourceTree = "<group>";
		};
/* End PBXVariantGroup section */

/* Begin XCBuildConfiguration section */
		DFFF26E51E629D5B00A5B2F1 /* Debug */ = {
			isa = XCBuildConfiguration;
			buildSettings = {
				ALWAYS_SEARCH_USER_PATHS = NO;
				CLANG_ANALYZER_NONNULL = YES;
				CLANG_CXX_LANGUAGE_STANDARD = "gnu++0x";
				CLANG_CXX_LIBRARY = "libc++";
				CLANG_ENABLE_MODULES = YES;
				CLANG_ENABLE_OBJC_ARC = YES;
				CLANG_WARN_BOOL_CONVERSION = YES;
				CLANG_WARN_CONSTANT_CONVERSION = YES;
				CLANG_WARN_DIRECT_OBJC_ISA_USAGE = YES_ERROR;
				CLANG_WARN_DOCUMENTATION_COMMENTS = YES;
				CLANG_WARN_EMPTY_BODY = YES;
				CLANG_WARN_ENUM_CONVERSION = YES;
				CLANG_WARN_INFINITE_RECURSION = YES;
				CLANG_WARN_INT_CONVERSION = YES;
				CLANG_WARN_OBJC_ROOT_CLASS = YES_ERROR;
				CLANG_WARN_SUSPICIOUS_MOVE = YES;
				CLANG_WARN_UNREACHABLE_CODE = YES;
				CLANG_WARN__DUPLICATE_METHOD_MATCH = YES;
				"CODE_SIGN_IDENTITY[sdk=iphoneos*]" = "iPhone Developer";
				COPY_PHASE_STRIP = NO;
				DEBUG_INFORMATION_FORMAT = dwarf;
				ENABLE_STRICT_OBJC_MSGSEND = YES;
				ENABLE_TESTABILITY = YES;
				GCC_C_LANGUAGE_STANDARD = gnu99;
				GCC_DYNAMIC_NO_PIC = NO;
				GCC_NO_COMMON_BLOCKS = YES;
				GCC_OPTIMIZATION_LEVEL = 0;
				GCC_PREPROCESSOR_DEFINITIONS = (
					"DEBUG=1",
					"$(inherited)",
				);
				GCC_WARN_64_TO_32_BIT_CONVERSION = YES;
				GCC_WARN_ABOUT_RETURN_TYPE = YES_ERROR;
				GCC_WARN_UNDECLARED_SELECTOR = YES;
				GCC_WARN_UNINITIALIZED_AUTOS = YES_AGGRESSIVE;
				GCC_WARN_UNUSED_FUNCTION = YES;
				GCC_WARN_UNUSED_VARIABLE = YES;
				IPHONEOS_DEPLOYMENT_TARGET = 10.2;
				MTL_ENABLE_DEBUG_INFO = YES;
				ONLY_ACTIVE_ARCH = YES;
				SDKROOT = iphoneos;
				SWIFT_ACTIVE_COMPILATION_CONDITIONS = DEBUG;
				SWIFT_OPTIMIZATION_LEVEL = "-Onone";
				TARGETED_DEVICE_FAMILY = "1,2";
			};
			name = Debug;
		};
		DFFF26E61E629D5B00A5B2F1 /* Release */ = {
			isa = XCBuildConfiguration;
			buildSettings = {
				ALWAYS_SEARCH_USER_PATHS = NO;
				CLANG_ANALYZER_NONNULL = YES;
				CLANG_CXX_LANGUAGE_STANDARD = "gnu++0x";
				CLANG_CXX_LIBRARY = "libc++";
				CLANG_ENABLE_MODULES = YES;
				CLANG_ENABLE_OBJC_ARC = YES;
				CLANG_WARN_BOOL_CONVERSION = YES;
				CLANG_WARN_CONSTANT_CONVERSION = YES;
				CLANG_WARN_DIRECT_OBJC_ISA_USAGE = YES_ERROR;
				CLANG_WARN_DOCUMENTATION_COMMENTS = YES;
				CLANG_WARN_EMPTY_BODY = YES;
				CLANG_WARN_ENUM_CONVERSION = YES;
				CLANG_WARN_INFINITE_RECURSION = YES;
				CLANG_WARN_INT_CONVERSION = YES;
				CLANG_WARN_OBJC_ROOT_CLASS = YES_ERROR;
				CLANG_WARN_SUSPICIOUS_MOVE = YES;
				CLANG_WARN_UNREACHABLE_CODE = YES;
				CLANG_WARN__DUPLICATE_METHOD_MATCH = YES;
				"CODE_SIGN_IDENTITY[sdk=iphoneos*]" = "iPhone Developer";
				COPY_PHASE_STRIP = NO;
				DEBUG_INFORMATION_FORMAT = "dwarf-with-dsym";
				ENABLE_NS_ASSERTIONS = NO;
				ENABLE_STRICT_OBJC_MSGSEND = YES;
				GCC_C_LANGUAGE_STANDARD = gnu99;
				GCC_NO_COMMON_BLOCKS = YES;
				GCC_WARN_64_TO_32_BIT_CONVERSION = YES;
				GCC_WARN_ABOUT_RETURN_TYPE = YES_ERROR;
				GCC_WARN_UNDECLARED_SELECTOR = YES;
				GCC_WARN_UNINITIALIZED_AUTOS = YES_AGGRESSIVE;
				GCC_WARN_UNUSED_FUNCTION = YES;
				GCC_WARN_UNUSED_VARIABLE = YES;
				IPHONEOS_DEPLOYMENT_TARGET = 10.2;
				MTL_ENABLE_DEBUG_INFO = NO;
				SDKROOT = iphoneos;
				SWIFT_OPTIMIZATION_LEVEL = "-Owholemodule";
				TARGETED_DEVICE_FAMILY = "1,2";
				VALIDATE_PRODUCT = YES;
			};
			name = Release;
		};
		DFFF26E81E629D5B00A5B2F1 /* Debug */ = {
			isa = XCBuildConfiguration;
			baseConfigurationReference = 4008884B26ECB1FF6A1F092D /* Pods-simpleweather.debug.xcconfig */;
			buildSettings = {
				ASSETCATALOG_COMPILER_APPICON_NAME = AppIcon;
				DEVELOPMENT_TEAM = E4JKFLKLE3;
				INFOPLIST_FILE = simpleweather/Info.plist;
				IPHONEOS_DEPLOYMENT_TARGET = 10.3;
				LD_RUNPATH_SEARCH_PATHS = "$(inherited) @executable_path/Frameworks";
				PRODUCT_BUNDLE_IDENTIFIER = com.closeout.simpleweather;
				PRODUCT_NAME = "$(TARGET_NAME)";
				SWIFT_VERSION = 3.0;
			};
			name = Debug;
		};
		DFFF26E91E629D5B00A5B2F1 /* Release */ = {
			isa = XCBuildConfiguration;
			baseConfigurationReference = 772D7A45D8E10703498F7DE1 /* Pods-simpleweather.release.xcconfig */;
			buildSettings = {
				ASSETCATALOG_COMPILER_APPICON_NAME = AppIcon;
				DEVELOPMENT_TEAM = E4JKFLKLE3;
				INFOPLIST_FILE = simpleweather/Info.plist;
				IPHONEOS_DEPLOYMENT_TARGET = 10.3;
				LD_RUNPATH_SEARCH_PATHS = "$(inherited) @executable_path/Frameworks";
				PRODUCT_BUNDLE_IDENTIFIER = com.closeout.simpleweather;
				PRODUCT_NAME = "$(TARGET_NAME)";
				SWIFT_VERSION = 3.0;
			};
			name = Release;
		};
		DFFF26EB1E629D5B00A5B2F1 /* Debug */ = {
			isa = XCBuildConfiguration;
			baseConfigurationReference = 2C522DC6C881B8121EF03033 /* Pods-simpleweatherTests.debug.xcconfig */;
			buildSettings = {
				ALWAYS_EMBED_SWIFT_STANDARD_LIBRARIES = YES;
				BUNDLE_LOADER = "$(TEST_HOST)";
				DEVELOPMENT_TEAM = E4JKFLKLE3;
				INFOPLIST_FILE = simpleweatherTests/Info.plist;
				LD_RUNPATH_SEARCH_PATHS = "$(inherited) @executable_path/Frameworks @loader_path/Frameworks";
				PRODUCT_BUNDLE_IDENTIFIER = com.closeout.simpleweatherTests;
				PRODUCT_NAME = "$(TARGET_NAME)";
				SWIFT_VERSION = 3.0;
				TEST_HOST = "$(BUILT_PRODUCTS_DIR)/simpleweather.app/simpleweather";
			};
			name = Debug;
		};
		DFFF26EC1E629D5B00A5B2F1 /* Release */ = {
			isa = XCBuildConfiguration;
			baseConfigurationReference = 02FA47FAB623B577E1C7A3D8 /* Pods-simpleweatherTests.release.xcconfig */;
			buildSettings = {
				ALWAYS_EMBED_SWIFT_STANDARD_LIBRARIES = YES;
				BUNDLE_LOADER = "$(TEST_HOST)";
				DEVELOPMENT_TEAM = E4JKFLKLE3;
				INFOPLIST_FILE = simpleweatherTests/Info.plist;
				LD_RUNPATH_SEARCH_PATHS = "$(inherited) @executable_path/Frameworks @loader_path/Frameworks";
				PRODUCT_BUNDLE_IDENTIFIER = com.closeout.simpleweatherTests;
				PRODUCT_NAME = "$(TARGET_NAME)";
				SWIFT_VERSION = 3.0;
				TEST_HOST = "$(BUILT_PRODUCTS_DIR)/simpleweather.app/simpleweather";
			};
			name = Release;
		};
		DFFF26EE1E629D5B00A5B2F1 /* Debug */ = {
			isa = XCBuildConfiguration;
			baseConfigurationReference = 60B9D10B40EC4CE0CDDF6F38 /* Pods-simpleweatherUITests.debug.xcconfig */;
			buildSettings = {
				ALWAYS_EMBED_SWIFT_STANDARD_LIBRARIES = YES;
				DEVELOPMENT_TEAM = E4JKFLKLE3;
				INFOPLIST_FILE = simpleweatherUITests/Info.plist;
				LD_RUNPATH_SEARCH_PATHS = "$(inherited) @executable_path/Frameworks @loader_path/Frameworks";
				PRODUCT_BUNDLE_IDENTIFIER = com.closeout.simpleweatherUITests;
				PRODUCT_NAME = "$(TARGET_NAME)";
				SWIFT_VERSION = 3.0;
				TEST_TARGET_NAME = simpleweather;
			};
			name = Debug;
		};
		DFFF26EF1E629D5B00A5B2F1 /* Release */ = {
			isa = XCBuildConfiguration;
			baseConfigurationReference = A5FAA1013F97FB7193E605E7 /* Pods-simpleweatherUITests.release.xcconfig */;
			buildSettings = {
				ALWAYS_EMBED_SWIFT_STANDARD_LIBRARIES = YES;
				DEVELOPMENT_TEAM = E4JKFLKLE3;
				INFOPLIST_FILE = simpleweatherUITests/Info.plist;
				LD_RUNPATH_SEARCH_PATHS = "$(inherited) @executable_path/Frameworks @loader_path/Frameworks";
				PRODUCT_BUNDLE_IDENTIFIER = com.closeout.simpleweatherUITests;
				PRODUCT_NAME = "$(TARGET_NAME)";
				SWIFT_VERSION = 3.0;
				TEST_TARGET_NAME = simpleweather;
			};
			name = Release;
		};
/* End XCBuildConfiguration section */

/* Begin XCConfigurationList section */
		DFFF26B71E629D5A00A5B2F1 /* Build configuration list for PBXProject "simpleweather" */ = {
			isa = XCConfigurationList;
			buildConfigurations = (
				DFFF26E51E629D5B00A5B2F1 /* Debug */,
				DFFF26E61E629D5B00A5B2F1 /* Release */,
			);
			defaultConfigurationIsVisible = 0;
			defaultConfigurationName = Release;
		};
		DFFF26E71E629D5B00A5B2F1 /* Build configuration list for PBXNativeTarget "simpleweather" */ = {
			isa = XCConfigurationList;
			buildConfigurations = (
				DFFF26E81E629D5B00A5B2F1 /* Debug */,
				DFFF26E91E629D5B00A5B2F1 /* Release */,
			);
			defaultConfigurationIsVisible = 0;
			defaultConfigurationName = Release;
		};
		DFFF26EA1E629D5B00A5B2F1 /* Build configuration list for PBXNativeTarget "simpleweatherTests" */ = {
			isa = XCConfigurationList;
			buildConfigurations = (
				DFFF26EB1E629D5B00A5B2F1 /* Debug */,
				DFFF26EC1E629D5B00A5B2F1 /* Release */,
			);
			defaultConfigurationIsVisible = 0;
			defaultConfigurationName = Release;
		};
		DFFF26ED1E629D5B00A5B2F1 /* Build configuration list for PBXNativeTarget "simpleweatherUITests" */ = {
			isa = XCConfigurationList;
			buildConfigurations = (
				DFFF26EE1E629D5B00A5B2F1 /* Debug */,
				DFFF26EF1E629D5B00A5B2F1 /* Release */,
			);
			defaultConfigurationIsVisible = 0;
			defaultConfigurationName = Release;
		};
/* End XCConfigurationList section */

/* Begin XCVersionGroup section */
		DFFF26C61E629D5A00A5B2F1 /* simpleweather.xcdatamodeld */ = {
			isa = XCVersionGroup;
			children = (
				DFFF26C71E629D5A00A5B2F1 /* simpleweather.xcdatamodel */,
			);
			currentVersion = DFFF26C71E629D5A00A5B2F1 /* simpleweather.xcdatamodel */;
			path = simpleweather.xcdatamodeld;
			sourceTree = "<group>";
			versionGroupType = wrapper.xcdatamodel;
		};
/* End XCVersionGroup section */
	};
	rootObject = DFFF26B41E629D5A00A5B2F1 /* Project object */;
}
